
Microsoft Visual Studio Solution File, Format Version 12.00
# Visual Studio 14
VisualStudioVersion = 14.0.25420.1
MinimumVisualStudioVersion = 10.0.40219.1
Project("{FAE04EC0-301F-11D3-BF4B-00C04F79EFBC}") = "RestaurantSystem", "RestaurantSystem\RestaurantSystem.csproj", "{8E0E7CF2-D7F8-40B7-B056-9C26047481D8}"
EndProject
Project("{FAE04EC0-301F-11D3-BF4B-00C04F79EFBC}") = "RestaurantSystem.Management", "RestaurantSystem.Management\RestaurantSystem.Management.csproj", "{1A430EC6-EB0C-415E-BFAB-B40386F21D8E}"
EndProject
Project("{262852C6-CD72-467D-83FE-5EEB1973A190}") = "RestaurantSystem.Mobile", "RestaurantSystem.Mobile\RestaurantSystem.Mobile.jsproj", "{5C3B98AB-B80C-4EAD-950D-A08A21AF5DC7}"
EndProject
Project("{FAE04EC0-301F-11D3-BF4B-00C04F79EFBC}") = "RestaurantSystem.DataAccess", "RestaurantSystem.DataAccess\RestaurantSystem.DataAccess.csproj", "{5C647791-2E3C-4C51-9637-824015DFBFF7}"
EndProject
Project("{FAE04EC0-301F-11D3-BF4B-00C04F79EFBC}") = "RestaurantSystem.Utility", "RestaurantSystem.Utility\RestaurantSystem.Utility.csproj", "{0A7D5F26-7FB1-4F7A-A485-B6F80441281B}"
EndProject
Global
	GlobalSection(SolutionConfigurationPlatforms) = preSolution
		Debug|Android = Debug|Android
		Debug|Any CPU = Debug|Any CPU
		Debug|iOS = Debug|iOS
		Debug|Windows Phone (Universal) = Debug|Windows Phone (Universal)
		Debug|Windows Phone 8 = Debug|Windows Phone 8
		Debug|Windows-AnyCPU = Debug|Windows-AnyCPU
		Debug|Windows-ARM = Debug|Windows-ARM
		Debug|Windows-x64 = Debug|Windows-x64
		Debug|Windows-x86 = Debug|Windows-x86
		Release|Android = Release|Android
		Release|Any CPU = Release|Any CPU
		Release|iOS = Release|iOS
		Release|Windows Phone (Universal) = Release|Windows Phone (Universal)
		Release|Windows Phone 8 = Release|Windows Phone 8
		Release|Windows-AnyCPU = Release|Windows-AnyCPU
		Release|Windows-ARM = Release|Windows-ARM
		Release|Windows-x64 = Release|Windows-x64
		Release|Windows-x86 = Release|Windows-x86
	EndGlobalSection
	GlobalSection(ProjectConfigurationPlatforms) = postSolution
		{8E0E7CF2-D7F8-40B7-B056-9C26047481D8}.Debug|Android.ActiveCfg = Debug|Any CPU
		{8E0E7CF2-D7F8-40B7-B056-9C26047481D8}.Debug|Android.Build.0 = Debug|Any CPU
		{8E0E7CF2-D7F8-40B7-B056-9C26047481D8}.Debug|Any CPU.ActiveCfg = Debug|Any CPU
		{8E0E7CF2-D7F8-40B7-B056-9C26047481D8}.Debug|Any CPU.Build.0 = Debug|Any CPU
		{8E0E7CF2-D7F8-40B7-B056-9C26047481D8}.Debug|iOS.ActiveCfg = Debug|Any CPU
		{8E0E7CF2-D7F8-40B7-B056-9C26047481D8}.Debug|iOS.Build.0 = Debug|Any CPU
		{8E0E7CF2-D7F8-40B7-B056-9C26047481D8}.Debug|Windows Phone (Universal).ActiveCfg = Debug|Any CPU
		{8E0E7CF2-D7F8-40B7-B056-9C26047481D8}.Debug|Windows Phone (Universal).Build.0 = Debug|Any CPU
		{8E0E7CF2-D7F8-40B7-B056-9C26047481D8}.Debug|Windows Phone 8.ActiveCfg = Debug|Any CPU
		{8E0E7CF2-D7F8-40B7-B056-9C26047481D8}.Debug|Windows Phone 8.Build.0 = Debug|Any CPU
		{8E0E7CF2-D7F8-40B7-B056-9C26047481D8}.Debug|Windows-AnyCPU.ActiveCfg = Debug|Any CPU
		{8E0E7CF2-D7F8-40B7-B056-9C26047481D8}.Debug|Windows-AnyCPU.Build.0 = Debug|Any CPU
		{8E0E7CF2-D7F8-40B7-B056-9C26047481D8}.Debug|Windows-ARM.ActiveCfg = Debug|Any CPU
		{8E0E7CF2-D7F8-40B7-B056-9C26047481D8}.Debug|Windows-ARM.Build.0 = Debug|Any CPU
		{8E0E7CF2-D7F8-40B7-B056-9C26047481D8}.Debug|Windows-x64.ActiveCfg = Debug|Any CPU
		{8E0E7CF2-D7F8-40B7-B056-9C26047481D8}.Debug|Windows-x64.Build.0 = Debug|Any CPU
		{8E0E7CF2-D7F8-40B7-B056-9C26047481D8}.Debug|Windows-x86.ActiveCfg = Debug|Any CPU
		{8E0E7CF2-D7F8-40B7-B056-9C26047481D8}.Debug|Windows-x86.Build.0 = Debug|Any CPU
		{8E0E7CF2-D7F8-40B7-B056-9C26047481D8}.Release|Android.ActiveCfg = Release|Any CPU
		{8E0E7CF2-D7F8-40B7-B056-9C26047481D8}.Release|Android.Build.0 = Release|Any CPU
		{8E0E7CF2-D7F8-40B7-B056-9C26047481D8}.Release|Any CPU.ActiveCfg = Release|Any CPU
		{8E0E7CF2-D7F8-40B7-B056-9C26047481D8}.Release|Any CPU.Build.0 = Release|Any CPU
		{8E0E7CF2-D7F8-40B7-B056-9C26047481D8}.Release|iOS.ActiveCfg = Release|Any CPU
		{8E0E7CF2-D7F8-40B7-B056-9C26047481D8}.Release|iOS.Build.0 = Release|Any CPU
		{8E0E7CF2-D7F8-40B7-B056-9C26047481D8}.Release|Windows Phone (Universal).ActiveCfg = Release|Any CPU
		{8E0E7CF2-D7F8-40B7-B056-9C26047481D8}.Release|Windows Phone (Universal).Build.0 = Release|Any CPU
		{8E0E7CF2-D7F8-40B7-B056-9C26047481D8}.Release|Windows Phone 8.ActiveCfg = Release|Any CPU
		{8E0E7CF2-D7F8-40B7-B056-9C26047481D8}.Release|Windows Phone 8.Build.0 = Release|Any CPU
		{8E0E7CF2-D7F8-40B7-B056-9C26047481D8}.Release|Windows-AnyCPU.ActiveCfg = Release|Any CPU
		{8E0E7CF2-D7F8-40B7-B056-9C26047481D8}.Release|Windows-AnyCPU.Build.0 = Release|Any CPU
		{8E0E7CF2-D7F8-40B7-B056-9C26047481D8}.Release|Windows-ARM.ActiveCfg = Release|Any CPU
		{8E0E7CF2-D7F8-40B7-B056-9C26047481D8}.Release|Windows-ARM.Build.0 = Release|Any CPU
		{8E0E7CF2-D7F8-40B7-B056-9C26047481D8}.Release|Windows-x64.ActiveCfg = Release|Any CPU
		{8E0E7CF2-D7F8-40B7-B056-9C26047481D8}.Release|Windows-x64.Build.0 = Release|Any CPU
		{8E0E7CF2-D7F8-40B7-B056-9C26047481D8}.Release|Windows-x86.ActiveCfg = Release|Any CPU
		{8E0E7CF2-D7F8-40B7-B056-9C26047481D8}.Release|Windows-x86.Build.0 = Release|Any CPU
		{1A430EC6-EB0C-415E-BFAB-B40386F21D8E}.Debug|Android.ActiveCfg = Debug|Any CPU
		{1A430EC6-EB0C-415E-BFAB-B40386F21D8E}.Debug|Android.Build.0 = Debug|Any CPU
		{1A430EC6-EB0C-415E-BFAB-B40386F21D8E}.Debug|Any CPU.ActiveCfg = Debug|Any CPU
		{1A430EC6-EB0C-415E-BFAB-B40386F21D8E}.Debug|Any CPU.Build.0 = Debug|Any CPU
		{1A430EC6-EB0C-415E-BFAB-B40386F21D8E}.Debug|iOS.ActiveCfg = Debug|Any CPU
		{1A430EC6-EB0C-415E-BFAB-B40386F21D8E}.Debug|iOS.Build.0 = Debug|Any CPU
		{1A430EC6-EB0C-415E-BFAB-B40386F21D8E}.Debug|Windows Phone (Universal).ActiveCfg = Debug|Any CPU
		{1A430EC6-EB0C-415E-BFAB-B40386F21D8E}.Debug|Windows Phone (Universal).Build.0 = Debug|Any CPU
		{1A430EC6-EB0C-415E-BFAB-B40386F21D8E}.Debug|Windows Phone 8.ActiveCfg = Debug|Any CPU
		{1A430EC6-EB0C-415E-BFAB-B40386F21D8E}.Debug|Windows Phone 8.Build.0 = Debug|Any CPU
		{1A430EC6-EB0C-415E-BFAB-B40386F21D8E}.Debug|Windows-AnyCPU.ActiveCfg = Debug|Any CPU
		{1A430EC6-EB0C-415E-BFAB-B40386F21D8E}.Debug|Windows-AnyCPU.Build.0 = Debug|Any CPU
		{1A430EC6-EB0C-415E-BFAB-B40386F21D8E}.Debug|Windows-ARM.ActiveCfg = Debug|Any CPU
		{1A430EC6-EB0C-415E-BFAB-B40386F21D8E}.Debug|Windows-ARM.Build.0 = Debug|Any CPU
		{1A430EC6-EB0C-415E-BFAB-B40386F21D8E}.Debug|Windows-x64.ActiveCfg = Debug|Any CPU
		{1A430EC6-EB0C-415E-BFAB-B40386F21D8E}.Debug|Windows-x64.Build.0 = Debug|Any CPU
		{1A430EC6-EB0C-415E-BFAB-B40386F21D8E}.Debug|Windows-x86.ActiveCfg = Debug|Any CPU
		{1A430EC6-EB0C-415E-BFAB-B40386F21D8E}.Debug|Windows-x86.Build.0 = Debug|Any CPU
		{1A430EC6-EB0C-415E-BFAB-B40386F21D8E}.Release|Android.ActiveCfg = Release|Any CPU
		{1A430EC6-EB0C-415E-BFAB-B40386F21D8E}.Release|Android.Build.0 = Release|Any CPU
		{1A430EC6-EB0C-415E-BFAB-B40386F21D8E}.Release|Any CPU.ActiveCfg = Release|Any CPU
		{1A430EC6-EB0C-415E-BFAB-B40386F21D8E}.Release|Any CPU.Build.0 = Release|Any CPU
		{1A430EC6-EB0C-415E-BFAB-B40386F21D8E}.Release|iOS.ActiveCfg = Release|Any CPU
		{1A430EC6-EB0C-415E-BFAB-B40386F21D8E}.Release|iOS.Build.0 = Release|Any CPU
		{1A430EC6-EB0C-415E-BFAB-B40386F21D8E}.Release|Windows Phone (Universal).ActiveCfg = Release|Any CPU
		{1A430EC6-EB0C-415E-BFAB-B40386F21D8E}.Release|Windows Phone (Universal).Build.0 = Release|Any CPU
		{1A430EC6-EB0C-415E-BFAB-B40386F21D8E}.Release|Windows Phone 8.ActiveCfg = Release|Any CPU
		{1A430EC6-EB0C-415E-BFAB-B40386F21D8E}.Release|Windows Phone 8.Build.0 = Release|Any CPU
		{1A430EC6-EB0C-415E-BFAB-B40386F21D8E}.Release|Windows-AnyCPU.ActiveCfg = Release|Any CPU
		{1A430EC6-EB0C-415E-BFAB-B40386F21D8E}.Release|Windows-AnyCPU.Build.0 = Release|Any CPU
		{1A430EC6-EB0C-415E-BFAB-B40386F21D8E}.Release|Windows-ARM.ActiveCfg = Release|Any CPU
		{1A430EC6-EB0C-415E-BFAB-B40386F21D8E}.Release|Windows-ARM.Build.0 = Release|Any CPU
		{1A430EC6-EB0C-415E-BFAB-B40386F21D8E}.Release|Windows-x64.ActiveCfg = Release|Any CPU
		{1A430EC6-EB0C-415E-BFAB-B40386F21D8E}.Release|Windows-x64.Build.0 = Release|Any CPU
		{1A430EC6-EB0C-415E-BFAB-B40386F21D8E}.Release|Windows-x86.ActiveCfg = Release|Any CPU
		{1A430EC6-EB0C-415E-BFAB-B40386F21D8E}.Release|Windows-x86.Build.0 = Release|Any CPU
		{5C3B98AB-B80C-4EAD-950D-A08A21AF5DC7}.Debug|Android.ActiveCfg = Debug|Android
		{5C3B98AB-B80C-4EAD-950D-A08A21AF5DC7}.Debug|Android.Build.0 = Debug|Android
		{5C3B98AB-B80C-4EAD-950D-A08A21AF5DC7}.Debug|Android.Deploy.0 = Debug|Android
		{5C3B98AB-B80C-4EAD-950D-A08A21AF5DC7}.Debug|Any CPU.ActiveCfg = Debug|Android
		{5C3B98AB-B80C-4EAD-950D-A08A21AF5DC7}.Debug|iOS.ActiveCfg = Debug|iOS
		{5C3B98AB-B80C-4EAD-950D-A08A21AF5DC7}.Debug|iOS.Build.0 = Debug|iOS
		{5C3B98AB-B80C-4EAD-950D-A08A21AF5DC7}.Debug|iOS.Deploy.0 = Debug|iOS
		{5C3B98AB-B80C-4EAD-950D-A08A21AF5DC7}.Debug|Windows Phone (Universal).ActiveCfg = Debug|Windows Phone (Universal)
		{5C3B98AB-B80C-4EAD-950D-A08A21AF5DC7}.Debug|Windows Phone (Universal).Build.0 = Debug|Windows Phone (Universal)
		{5C3B98AB-B80C-4EAD-950D-A08A21AF5DC7}.Debug|Windows Phone (Universal).Deploy.0 = Debug|Windows Phone (Universal)
		{5C3B98AB-B80C-4EAD-950D-A08A21AF5DC7}.Debug|Windows Phone 8.ActiveCfg = Debug|Windows Phone 8
		{5C3B98AB-B80C-4EAD-950D-A08A21AF5DC7}.Debug|Windows Phone 8.Build.0 = Debug|Windows Phone 8
		{5C3B98AB-B80C-4EAD-950D-A08A21AF5DC7}.Debug|Windows Phone 8.Deploy.0 = Debug|Windows Phone 8
		{5C3B98AB-B80C-4EAD-950D-A08A21AF5DC7}.Debug|Windows-AnyCPU.ActiveCfg = Debug|Windows-AnyCPU
		{5C3B98AB-B80C-4EAD-950D-A08A21AF5DC7}.Debug|Windows-AnyCPU.Build.0 = Debug|Windows-AnyCPU
		{5C3B98AB-B80C-4EAD-950D-A08A21AF5DC7}.Debug|Windows-AnyCPU.Deploy.0 = Debug|Windows-AnyCPU
		{5C3B98AB-B80C-4EAD-950D-A08A21AF5DC7}.Debug|Windows-ARM.ActiveCfg = Debug|Windows-ARM
		{5C3B98AB-B80C-4EAD-950D-A08A21AF5DC7}.Debug|Windows-ARM.Build.0 = Debug|Windows-ARM
		{5C3B98AB-B80C-4EAD-950D-A08A21AF5DC7}.Debug|Windows-ARM.Deploy.0 = Debug|Windows-ARM
		{5C3B98AB-B80C-4EAD-950D-A08A21AF5DC7}.Debug|Windows-x64.ActiveCfg = Debug|Windows-x64
		{5C3B98AB-B80C-4EAD-950D-A08A21AF5DC7}.Debug|Windows-x64.Build.0 = Debug|Windows-x64
		{5C3B98AB-B80C-4EAD-950D-A08A21AF5DC7}.Debug|Windows-x64.Deploy.0 = Debug|Windows-x64
		{5C3B98AB-B80C-4EAD-950D-A08A21AF5DC7}.Debug|Windows-x86.ActiveCfg = Debug|Windows-x86
		{5C3B98AB-B80C-4EAD-950D-A08A21AF5DC7}.Debug|Windows-x86.Build.0 = Debug|Windows-x86
		{5C3B98AB-B80C-4EAD-950D-A08A21AF5DC7}.Debug|Windows-x86.Deploy.0 = Debug|Windows-x86
		{5C3B98AB-B80C-4EAD-950D-A08A21AF5DC7}.Release|Android.ActiveCfg = Release|Android
		{5C3B98AB-B80C-4EAD-950D-A08A21AF5DC7}.Release|Android.Build.0 = Release|Android
		{5C3B98AB-B80C-4EAD-950D-A08A21AF5DC7}.Release|Android.Deploy.0 = Release|Android
		{5C3B98AB-B80C-4EAD-950D-A08A21AF5DC7}.Release|Any CPU.ActiveCfg = Release|Android
		{5C3B98AB-B80C-4EAD-950D-A08A21AF5DC7}.Release|iOS.ActiveCfg = Release|iOS
		{5C3B98AB-B80C-4EAD-950D-A08A21AF5DC7}.Release|iOS.Build.0 = Release|iOS
		{5C3B98AB-B80C-4EAD-950D-A08A21AF5DC7}.Release|iOS.Deploy.0 = Release|iOS
		{5C3B98AB-B80C-4EAD-950D-A08A21AF5DC7}.Release|Windows Phone (Universal).ActiveCfg = Release|Windows Phone (Universal)
		{5C3B98AB-B80C-4EAD-950D-A08A21AF5DC7}.Release|Windows Phone (Universal).Build.0 = Release|Windows Phone (Universal)
		{5C3B98AB-B80C-4EAD-950D-A08A21AF5DC7}.Release|Windows Phone (Universal).Deploy.0 = Release|Windows Phone (Universal)
		{5C3B98AB-B80C-4EAD-950D-A08A21AF5DC7}.Release|Windows Phone 8.ActiveCfg = Release|Windows Phone 8
		{5C3B98AB-B80C-4EAD-950D-A08A21AF5DC7}.Release|Windows Phone 8.Build.0 = Release|Windows Phone 8
		{5C3B98AB-B80C-4EAD-950D-A08A21AF5DC7}.Release|Windows Phone 8.Deploy.0 = Release|Windows Phone 8
		{5C3B98AB-B80C-4EAD-950D-A08A21AF5DC7}.Release|Windows-AnyCPU.ActiveCfg = Release|Windows-AnyCPU
		{5C3B98AB-B80C-4EAD-950D-A08A21AF5DC7}.Release|Windows-AnyCPU.Build.0 = Release|Windows-AnyCPU
		{5C3B98AB-B80C-4EAD-950D-A08A21AF5DC7}.Release|Windows-AnyCPU.Deploy.0 = Release|Windows-AnyCPU
		{5C3B98AB-B80C-4EAD-950D-A08A21AF5DC7}.Release|Windows-ARM.ActiveCfg = Release|Windows-ARM
		{5C3B98AB-B80C-4EAD-950D-A08A21AF5DC7}.Release|Windows-ARM.Build.0 = Release|Windows-ARM
		{5C3B98AB-B80C-4EAD-950D-A08A21AF5DC7}.Release|Windows-ARM.Deploy.0 = Release|Windows-ARM
		{5C3B98AB-B80C-4EAD-950D-A08A21AF5DC7}.Release|Windows-x64.ActiveCfg = Release|Windows-x64
		{5C3B98AB-B80C-4EAD-950D-A08A21AF5DC7}.Release|Windows-x64.Build.0 = Release|Windows-x64
		{5C3B98AB-B80C-4EAD-950D-A08A21AF5DC7}.Release|Windows-x64.Deploy.0 = Release|Windows-x64
		{5C3B98AB-B80C-4EAD-950D-A08A21AF5DC7}.Release|Windows-x86.ActiveCfg = Release|Windows-x86
		{5C3B98AB-B80C-4EAD-950D-A08A21AF5DC7}.Release|Windows-x86.Build.0 = Release|Windows-x86
		{5C3B98AB-B80C-4EAD-950D-A08A21AF5DC7}.Release|Windows-x86.Deploy.0 = Release|Windows-x86
		{5C647791-2E3C-4C51-9637-824015DFBFF7}.Debug|Android.ActiveCfg = Debug|Any CPU
		{5C647791-2E3C-4C51-9637-824015DFBFF7}.Debug|Android.Build.0 = Debug|Any CPU
		{5C647791-2E3C-4C51-9637-824015DFBFF7}.Debug|Any CPU.ActiveCfg = Debug|Any CPU
		{5C647791-2E3C-4C51-9637-824015DFBFF7}.Debug|Any CPU.Build.0 = Debug|Any CPU
		{5C647791-2E3C-4C51-9637-824015DFBFF7}.Debug|iOS.ActiveCfg = Debug|Any CPU
		{5C647791-2E3C-4C51-9637-824015DFBFF7}.Debug|iOS.Build.0 = Debug|Any CPU
		{5C647791-2E3C-4C51-9637-824015DFBFF7}.Debug|Windows Phone (Universal).ActiveCfg = Debug|Any CPU
		{5C647791-2E3C-4C51-9637-824015DFBFF7}.Debug|Windows Phone (Universal).Build.0 = Debug|Any CPU
		{5C647791-2E3C-4C51-9637-824015DFBFF7}.Debug|Windows Phone 8.ActiveCfg = Debug|Any CPU
		{5C647791-2E3C-4C51-9637-824015DFBFF7}.Debug|Windows Phone 8.Build.0 = Debug|Any CPU
		{5C647791-2E3C-4C51-9637-824015DFBFF7}.Debug|Windows-AnyCPU.ActiveCfg = Debug|Any CPU
		{5C647791-2E3C-4C51-9637-824015DFBFF7}.Debug|Windows-AnyCPU.Build.0 = Debug|Any CPU
		{5C647791-2E3C-4C51-9637-824015DFBFF7}.Debug|Windows-ARM.ActiveCfg = Debug|Any CPU
		{5C647791-2E3C-4C51-9637-824015DFBFF7}.Debug|Windows-ARM.Build.0 = Debug|Any CPU
		{5C647791-2E3C-4C51-9637-824015DFBFF7}.Debug|Windows-x64.ActiveCfg = Debug|Any CPU
		{5C647791-2E3C-4C51-9637-824015DFBFF7}.Debug|Windows-x64.Build.0 = Debug|Any CPU
		{5C647791-2E3C-4C51-9637-824015DFBFF7}.Debug|Windows-x86.ActiveCfg = Debug|Any CPU
		{5C647791-2E3C-4C51-9637-824015DFBFF7}.Debug|Windows-x86.Build.0 = Debug|Any CPU
		{5C647791-2E3C-4C51-9637-824015DFBFF7}.Release|Android.ActiveCfg = Release|Any CPU
		{5C647791-2E3C-4C51-9637-824015DFBFF7}.Release|Android.Build.0 = Release|Any CPU
		{5C647791-2E3C-4C51-9637-824015DFBFF7}.Release|Any CPU.ActiveCfg = Release|Any CPU
		{5C647791-2E3C-4C51-9637-824015DFBFF7}.Release|Any CPU.Build.0 = Release|Any CPU
		{5C647791-2E3C-4C51-9637-824015DFBFF7}.Release|iOS.ActiveCfg = Release|Any CPU
		{5C647791-2E3C-4C51-9637-824015DFBFF7}.Release|iOS.Build.0 = Release|Any CPU
		{5C647791-2E3C-4C51-9637-824015DFBFF7}.Release|Windows Phone (Universal).ActiveCfg = Release|Any CPU
		{5C647791-2E3C-4C51-9637-824015DFBFF7}.Release|Windows Phone (Universal).Build.0 = Release|Any CPU
		{5C647791-2E3C-4C51-9637-824015DFBFF7}.Release|Windows Phone 8.ActiveCfg = Release|Any CPU
		{5C647791-2E3C-4C51-9637-824015DFBFF7}.Release|Windows Phone 8.Build.0 = Release|Any CPU
		{5C647791-2E3C-4C51-9637-824015DFBFF7}.Release|Windows-AnyCPU.ActiveCfg = Release|Any CPU
		{5C647791-2E3C-4C51-9637-824015DFBFF7}.Release|Windows-AnyCPU.Build.0 = Release|Any CPU
		{5C647791-2E3C-4C51-9637-824015DFBFF7}.Release|Windows-ARM.ActiveCfg = Release|Any CPU
		{5C647791-2E3C-4C51-9637-824015DFBFF7}.Release|Windows-ARM.Build.0 = Release|Any CPU
		{5C647791-2E3C-4C51-9637-824015DFBFF7}.Release|Windows-x64.ActiveCfg = Release|Any CPU
		{5C647791-2E3C-4C51-9637-824015DFBFF7}.Release|Windows-x64.Build.0 = Release|Any CPU
		{5C647791-2E3C-4C51-9637-824015DFBFF7}.Release|Windows-x86.ActiveCfg = Release|Any CPU
		{5C647791-2E3C-4C51-9637-824015DFBFF7}.Release|Windows-x86.Build.0 = Release|Any CPU
		{0A7D5F26-7FB1-4F7A-A485-B6F80441281B}.Debug|Android.ActiveCfg = Debug|Any CPU
		{0A7D5F26-7FB1-4F7A-A485-B6F80441281B}.Debug|Android.Build.0 = Debug|Any CPU
		{0A7D5F26-7FB1-4F7A-A485-B6F80441281B}.Debug|Any CPU.ActiveCfg = Debug|Any CPU
		{0A7D5F26-7FB1-4F7A-A485-B6F80441281B}.Debug|Any CPU.Build.0 = Debug|Any CPU
		{0A7D5F26-7FB1-4F7A-A485-B6F80441281B}.Debug|iOS.ActiveCfg = Debug|Any CPU
		{0A7D5F26-7FB1-4F7A-A485-B6F80441281B}.Debug|iOS.Build.0 = Debug|Any CPU
		{0A7D5F26-7FB1-4F7A-A485-B6F80441281B}.Debug|Windows Phone (Universal).ActiveCfg = Debug|Any CPU
		{0A7D5F26-7FB1-4F7A-A485-B6F80441281B}.Debug|Windows Phone (Universal).Build.0 = Debug|Any CPU
		{0A7D5F26-7FB1-4F7A-A485-B6F80441281B}.Debug|Windows Phone 8.ActiveCfg = Debug|Any CPU
		{0A7D5F26-7FB1-4F7A-A485-B6F80441281B}.Debug|Windows Phone 8.Build.0 = Debug|Any CPU
		{0A7D5F26-7FB1-4F7A-A485-B6F80441281B}.Debug|Windows-AnyCPU.ActiveCfg = Debug|Any CPU
		{0A7D5F26-7FB1-4F7A-A485-B6F80441281B}.Debug|Windows-AnyCPU.Build.0 = Debug|Any CPU
		{0A7D5F26-7FB1-4F7A-A485-B6F80441281B}.Debug|Windows-ARM.ActiveCfg = Debug|Any CPU
		{0A7D5F26-7FB1-4F7A-A485-B6F80441281B}.Debug|Windows-ARM.Build.0 = Debug|Any CPU
		{0A7D5F26-7FB1-4F7A-A485-B6F80441281B}.Debug|Windows-x64.ActiveCfg = Debug|Any CPU
		{0A7D5F26-7FB1-4F7A-A485-B6F80441281B}.Debug|Windows-x64.Build.0 = Debug|Any CPU
		{0A7D5F26-7FB1-4F7A-A485-B6F80441281B}.Debug|Windows-x86.ActiveCfg = Debug|Any CPU
		{0A7D5F26-7FB1-4F7A-A485-B6F80441281B}.Debug|Windows-x86.Build.0 = Debug|Any CPU
		{0A7D5F26-7FB1-4F7A-A485-B6F80441281B}.Release|Android.ActiveCfg = Release|Any CPU
		{0A7D5F26-7FB1-4F7A-A485-B6F80441281B}.Release|Android.Build.0 = Release|Any CPU
		{0A7D5F26-7FB1-4F7A-A485-B6F80441281B}.Release|Any CPU.ActiveCfg = Release|Any CPU
		{0A7D5F26-7FB1-4F7A-A485-B6F80441281B}.Release|Any CPU.Build.0 = Release|Any CPU
		{0A7D5F26-7FB1-4F7A-A485-B6F80441281B}.Release|iOS.ActiveCfg = Release|Any CPU
		{0A7D5F26-7FB1-4F7A-A485-B6F80441281B}.Release|iOS.Build.0 = Release|Any CPU
		{0A7D5F26-7FB1-4F7A-A485-B6F80441281B}.Release|Windows Phone (Universal).ActiveCfg = Release|Any CPU
		{0A7D5F26-7FB1-4F7A-A485-B6F80441281B}.Release|Windows Phone (Universal).Build.0 = Release|Any CPU
		{0A7D5F26-7FB1-4F7A-A485-B6F80441281B}.Release|Windows Phone 8.ActiveCfg = Release|Any CPU
		{0A7D5F26-7FB1-4F7A-A485-B6F80441281B}.Release|Windows Phone 8.Build.0 = Release|Any CPU
		{0A7D5F26-7FB1-4F7A-A485-B6F80441281B}.Release|Windows-AnyCPU.ActiveCfg = Release|Any CPU
		{0A7D5F26-7FB1-4F7A-A485-B6F80441281B}.Release|Windows-AnyCPU.Build.0 = Release|Any CPU
		{0A7D5F26-7FB1-4F7A-A485-B6F80441281B}.Release|Windows-ARM.ActiveCfg = Release|Any CPU
		{0A7D5F26-7FB1-4F7A-A485-B6F80441281B}.Release|Windows-ARM.Build.0 = Release|Any CPU
		{0A7D5F26-7FB1-4F7A-A485-B6F80441281B}.Release|Windows-x64.ActiveCfg = Release|Any CPU
		{0A7D5F26-7FB1-4F7A-A485-B6F80441281B}.Release|Windows-x64.Build.0 = Release|Any CPU
		{0A7D5F26-7FB1-4F7A-A485-B6F80441281B}.Release|Windows-x86.ActiveCfg = Release|Any CPU
		{0A7D5F26-7FB1-4F7A-A485-B6F80441281B}.Release|Windows-x86.Build.0 = Release|Any CPU
	EndGlobalSection
	GlobalSection(SolutionProperties) = preSolution
		HideSolutionNode = FALSE
	EndGlobalSection
EndGlobal
